Microsoft Visual Studio Solution File, Format Version 12.00
# Visual Studio Version 17
VisualStudioVersion = 17.5.2.0
MinimumVisualStudioVersion = 10.0.40219.1
Project("{FAE04EC0-301F-11D3-BF4B-00C04F79EFBC}") = "OOP-Ilchuk", "OOP-Ilchuk.csproj", "{1F29A63A-57FD-B78E-E413-10039649DC31}"
EndProject
Global
	GlobalSection(SolutionConfigurationPlatforms) = preSolution
		Debug|Any CPU = Debug|Any CPU
		Release|Any CPU = Release|Any CPU
	EndGlobalSection
	GlobalSection(ProjectConfigurationPlatforms) = postSolution
		{1F29A63A-57FD-B78E-E413-10039649DC31}.Debug|Any CPU.ActiveCfg = Debug|Any CPU
		{1F29A63A-57FD-B78E-E413-10039649DC31}.Debug|Any CPU.Build.0 = Debug|Any CPU
		{1F29A63A-57FD-B78E-E413-10039649DC31}.Release|Any CPU.ActiveCfg = Release|Any CPU
		{1F29A63A-57FD-B78E-E413-10039649DC31}.Release|Any CPU.Build.0 = Release|Any CPU
	EndGlobalSection
	GlobalSection(SolutionProperties) = preSolution
		HideSolutionNode = FALSE
	EndGlobalSection
	GlobalSection(ExtensibilityGlobals) = postSolution
		SolutionGuid = {1CECF7CC-5498-4628-ABF1-ABA83F29AC75}
	EndGlobalSection
EndGlobal
