Microsoft Visual Studio Solution File, Format Version 12.00
# Visual Studio Version 17
VisualStudioVersion = 17.5.2.0
MinimumVisualStudioVersion = 10.0.40219.1
Project("{FAE04EC0-301F-11D3-BF4B-00C04F79EFBC}") = "lab2v7", "lab2v7\lab2v7.csproj", "{254050C5-C2D3-23F0-66E1-755864CEC1B9}"
EndProject
Global
	GlobalSection(SolutionConfigurationPlatforms) = preSolution
		Debug|Any CPU = Debug|Any CPU
		Release|Any CPU = Release|Any CPU
	EndGlobalSection
	GlobalSection(ProjectConfigurationPlatforms) = postSolution
		{254050C5-C2D3-23F0-66E1-755864CEC1B9}.Debug|Any CPU.ActiveCfg = Debug|Any CPU
		{254050C5-C2D3-23F0-66E1-755864CEC1B9}.Debug|Any CPU.Build.0 = Debug|Any CPU
		{254050C5-C2D3-23F0-66E1-755864CEC1B9}.Release|Any CPU.ActiveCfg = Release|Any CPU
		{254050C5-C2D3-23F0-66E1-755864CEC1B9}.Release|Any CPU.Build.0 = Release|Any CPU
	EndGlobalSection
	GlobalSection(SolutionProperties) = preSolution
		HideSolutionNode = FALSE
	EndGlobalSection
	GlobalSection(ExtensibilityGlobals) = postSolution
		SolutionGuid = {103A1454-5171-4432-B901-3A9D90AA0F75}
	EndGlobalSection
EndGlobal
