Microsoft Visual Studio Solution File, Format Version 12.00
# Visual Studio Version 17
VisualStudioVersion = 17.5.2.0
MinimumVisualStudioVersion = 10.0.40219.1
Project("{FAE04EC0-301F-11D3-BF4B-00C04F79EFBC}") = "Lab3Ilchuk", "Lab3Ilchuk.csproj", "{EA517C3D-8D98-1222-9B9D-00F9868EB60D}"
EndProject
Global
	GlobalSection(SolutionConfigurationPlatforms) = preSolution
		Debug|Any CPU = Debug|Any CPU
		Release|Any CPU = Release|Any CPU
	EndGlobalSection
	GlobalSection(ProjectConfigurationPlatforms) = postSolution
		{EA517C3D-8D98-1222-9B9D-00F9868EB60D}.Debug|Any CPU.ActiveCfg = Debug|Any CPU
		{EA517C3D-8D98-1222-9B9D-00F9868EB60D}.Debug|Any CPU.Build.0 = Debug|Any CPU
		{EA517C3D-8D98-1222-9B9D-00F9868EB60D}.Release|Any CPU.ActiveCfg = Release|Any CPU
		{EA517C3D-8D98-1222-9B9D-00F9868EB60D}.Release|Any CPU.Build.0 = Release|Any CPU
	EndGlobalSection
	GlobalSection(SolutionProperties) = preSolution
		HideSolutionNode = FALSE
	EndGlobalSection
	GlobalSection(ExtensibilityGlobals) = postSolution
		SolutionGuid = {D86AF2D7-C9A9-4379-BEBA-07EE3F46DDD7}
	EndGlobalSection
EndGlobal
